// !$*UTF8*$!
{
	archiveVersion = 1;
	classes = {
	};
	objectVersion = 50;
	objects = {

/* Begin PBXBuildFile section */
		901786F1210DEB7200A4A8DF /* DecorateViewController.swift in Sources */ = {isa = PBXBuildFile; fileRef = 901786F0210DEB7200A4A8DF /* DecorateViewController.swift */; };
		901786F3210E1D5000A4A8DF /* extentionUIImage.swift in Sources */ = {isa = PBXBuildFile; fileRef = 901786F2210E1D5000A4A8DF /* extentionUIImage.swift */; };
		901786F5210E31CA00A4A8DF /* PreviewViewController.swift in Sources */ = {isa = PBXBuildFile; fileRef = 901786F4210E31CA00A4A8DF /* PreviewViewController.swift */; };
		901786F7210E382C00A4A8DF /* ARViewController.swift in Sources */ = {isa = PBXBuildFile; fileRef = 901786F6210E382C00A4A8DF /* ARViewController.swift */; };
		901786FA210EEF1300A4A8DF /* GalleryCollectionViewCell.swift in Sources */ = {isa = PBXBuildFile; fileRef = 901786F8210EEF1300A4A8DF /* GalleryCollectionViewCell.swift */; };
		901786FB210EEF1300A4A8DF /* GalleryCollectionViewCell.xib in Resources */ = {isa = PBXBuildFile; fileRef = 901786F9210EEF1300A4A8DF /* GalleryCollectionViewCell.xib */; };
		9034D6CD20FE4B040012A6A5 /* AppDelegate.swift in Sources */ = {isa = PBXBuildFile; fileRef = 9034D6CC20FE4B040012A6A5 /* AppDelegate.swift */; };
		9034D6CF20FE4B040012A6A5 /* HomeViewController.swift in Sources */ = {isa = PBXBuildFile; fileRef = 9034D6CE20FE4B040012A6A5 /* HomeViewController.swift */; };
		9034D6D220FE4B040012A6A5 /* Main.storyboard in Resources */ = {isa = PBXBuildFile; fileRef = 9034D6D020FE4B040012A6A5 /* Main.storyboard */; };
		9034D6D420FE4B040012A6A5 /* Assets.xcassets in Resources */ = {isa = PBXBuildFile; fileRef = 9034D6D320FE4B040012A6A5 /* Assets.xcassets */; };
		9034D6D720FE4B040012A6A5 /* LaunchScreen.storyboard in Resources */ = {isa = PBXBuildFile; fileRef = 9034D6D520FE4B040012A6A5 /* LaunchScreen.storyboard */; };
		9034D6E220FE4B050012A6A5 /* TouchStoneTests.swift in Sources */ = {isa = PBXBuildFile; fileRef = 9034D6E120FE4B050012A6A5 /* TouchStoneTests.swift */; };
		9034D6ED20FE4B050012A6A5 /* TouchStoneUITests.swift in Sources */ = {isa = PBXBuildFile; fileRef = 9034D6EC20FE4B050012A6A5 /* TouchStoneUITests.swift */; };
		9034D6FC20FF935D0012A6A5 /* HomeCollectionViewCell.swift in Sources */ = {isa = PBXBuildFile; fileRef = 9034D6FA20FF935D0012A6A5 /* HomeCollectionViewCell.swift */; };
		9034D6FD20FF935D0012A6A5 /* HomeCollectionViewCell.xib in Resources */ = {isa = PBXBuildFile; fileRef = 9034D6FB20FF935D0012A6A5 /* HomeCollectionViewCell.xib */; };
		9034D6FF20FF961C0012A6A5 /* UPCarouselFlowLayout.swift in Sources */ = {isa = PBXBuildFile; fileRef = 9034D6FE20FF961C0012A6A5 /* UPCarouselFlowLayout.swift */; };
		9034D70221033E380012A6A5 /* PaintBoardViewController.swift in Sources */ = {isa = PBXBuildFile; fileRef = 9034D70121033E380012A6A5 /* PaintBoardViewController.swift */; };
		9034D70421033E5C0012A6A5 /* CollectionBoardViewController.swift in Sources */ = {isa = PBXBuildFile; fileRef = 9034D70321033E5C0012A6A5 /* CollectionBoardViewController.swift */; };
		9034D70621033E720012A6A5 /* CommendBoardViewController1.swift in Sources */ = {isa = PBXBuildFile; fileRef = 9034D70521033E720012A6A5 /* CommendBoardViewController1.swift */; };
		90806D7E214BC7400000030B /* 改-触墨-闪屏1080-Wang.mov in Resources */ = {isa = PBXBuildFile; fileRef = 90806D7D214BC7400000030B /* 改-触墨-闪屏1080-Wang.mov */; };
		90806D80214C186F0000030B /* commendSelectorViewController.swift in Sources */ = {isa = PBXBuildFile; fileRef = 90806D7F214C186F0000030B /* commendSelectorViewController.swift */; };
		90806D82214C23830000030B /* CommendViewController2.swift in Sources */ = {isa = PBXBuildFile; fileRef = 90806D81214C23830000030B /* CommendViewController2.swift */; };
		90806D84214C238F0000030B /* CommendViewController3.swift in Sources */ = {isa = PBXBuildFile; fileRef = 90806D83214C238F0000030B /* CommendViewController3.swift */; };
		90806D86214C239A0000030B /* CommendViewController4.swift in Sources */ = {isa = PBXBuildFile; fileRef = 90806D85214C239A0000030B /* CommendViewController4.swift */; };
		90806D88214C23A30000030B /* CommendViewController5.swift in Sources */ = {isa = PBXBuildFile; fileRef = 90806D87214C23A30000030B /* CommendViewController5.swift */; };
		90806D8A214C23B10000030B /* CommendViewController6.swift in Sources */ = {isa = PBXBuildFile; fileRef = 90806D89214C23B10000030B /* CommendViewController6.swift */; };
		90806D8C214C23BC0000030B /* CommendViewController7.swift in Sources */ = {isa = PBXBuildFile; fileRef = 90806D8B214C23BC0000030B /* CommendViewController7.swift */; };
		90806D8E214C23C60000030B /* CommendViewController8.swift in Sources */ = {isa = PBXBuildFile; fileRef = 90806D8D214C23C60000030B /* CommendViewController8.swift */; };
		90806D90214C23D20000030B /* CommendViewController9.swift in Sources */ = {isa = PBXBuildFile; fileRef = 90806D8F214C23D20000030B /* CommendViewController9.swift */; };
		90806D92214C23DB0000030B /* CommendViewController10.swift in Sources */ = {isa = PBXBuildFile; fileRef = 90806D91214C23DB0000030B /* CommendViewController10.swift */; };
		90806D94214C249C0000030B /* CommendBoardViewController2.swift in Sources */ = {isa = PBXBuildFile; fileRef = 90806D93214C249C0000030B /* CommendBoardViewController2.swift */; };
		90806D96214C24A90000030B /* CommendBoardViewController3.swift in Sources */ = {isa = PBXBuildFile; fileRef = 90806D95214C24A90000030B /* CommendBoardViewController3.swift */; };
		90806D98214C24B20000030B /* CommendBoardViewController4.swift in Sources */ = {isa = PBXBuildFile; fileRef = 90806D97214C24B20000030B /* CommendBoardViewController4.swift */; };
		90806D9A214C24BC0000030B /* CommendBoardViewController5.swift in Sources */ = {isa = PBXBuildFile; fileRef = 90806D99214C24BC0000030B /* CommendBoardViewController5.swift */; };
		90806D9C214C24C50000030B /* CommendBoardViewController6.swift in Sources */ = {isa = PBXBuildFile; fileRef = 90806D9B214C24C50000030B /* CommendBoardViewController6.swift */; };
		90806D9E214C24D20000030B /* CommendBoardViewController7.swift in Sources */ = {isa = PBXBuildFile; fileRef = 90806D9D214C24D20000030B /* CommendBoardViewController7.swift */; };
		90806DA0214C24DC0000030B /* CommendBoardViewController8.swift in Sources */ = {isa = PBXBuildFile; fileRef = 90806D9F214C24DC0000030B /* CommendBoardViewController8.swift */; };
		90806DA2214C24E50000030B /* CommendBoardViewController9.swift in Sources */ = {isa = PBXBuildFile; fileRef = 90806DA1214C24E50000030B /* CommendBoardViewController9.swift */; };
		90806DA4214C24EE0000030B /* CommendBoardViewController10.swift in Sources */ = {isa = PBXBuildFile; fileRef = 90806DA3214C24EE0000030B /* CommendBoardViewController10.swift */; };
		90806DAB214C41540000030B /* bg3.gif in Resources */ = {isa = PBXBuildFile; fileRef = 90806DAA214C414C0000030B /* bg3.gif */; };
		909E044C2104521800D025BD /* CommendViewController1.swift in Sources */ = {isa = PBXBuildFile; fileRef = 909E044B2104521800D025BD /* CommendViewController1.swift */; };
		909E05082108289C00D025BD /* RecognizeViewController.swift in Sources */ = {isa = PBXBuildFile; fileRef = 909E05072108289C00D025BD /* RecognizeViewController.swift */; };
		909E050F21086A7E00D025BD /* wordCollectionViewCell.swift in Sources */ = {isa = PBXBuildFile; fileRef = 909E050D21086A7E00D025BD /* wordCollectionViewCell.swift */; };
		909E051021086A7E00D025BD /* wordCollectionViewCell.xib in Resources */ = {isa = PBXBuildFile; fileRef = 909E050E21086A7E00D025BD /* wordCollectionViewCell.xib */; };
		909E051321086A8A00D025BD /* ttfCollectionViewCell.swift in Sources */ = {isa = PBXBuildFile; fileRef = 909E051121086A8A00D025BD /* ttfCollectionViewCell.swift */; };
		909E051421086A8A00D025BD /* ttfCollectionViewCell.xib in Resources */ = {isa = PBXBuildFile; fileRef = 909E051221086A8A00D025BD /* ttfCollectionViewCell.xib */; };
		90AA2AA12146C5C30071F9A9 /* 柳公权体.ttf in Resources */ = {isa = PBXBuildFile; fileRef = 90AA2AA02146C5C30071F9A9 /* 柳公权体.ttf */; };
		90AA2AA32146C5DC0071F9A9 /* 行书.TTF in Resources */ = {isa = PBXBuildFile; fileRef = 90AA2AA22146C5DB0071F9A9 /* 行书.TTF */; };
		90AA2AA52146C5E50071F9A9 /* 草书.ttf in Resources */ = {isa = PBXBuildFile; fileRef = 90AA2AA42146C5E40071F9A9 /* 草书.ttf */; };
		90AA2AA72146C5EF0071F9A9 /* 隶书.ttf in Resources */ = {isa = PBXBuildFile; fileRef = 90AA2AA62146C5EF0071F9A9 /* 隶书.ttf */; };
		90AA2AA92146C5FB0071F9A9 /* 颜真卿体.ttf in Resources */ = {isa = PBXBuildFile; fileRef = 90AA2AA82146C5FB0071F9A9 /* 颜真卿体.ttf */; };
		90AA2AAB2146C6070071F9A9 /* 郑板桥体.ttf in Resources */ = {isa = PBXBuildFile; fileRef = 90AA2AAA2146C6060071F9A9 /* 郑板桥体.ttf */; };
		90AA2AB121477CE10071F9A9 /* 楷书.TTF in Resources */ = {isa = PBXBuildFile; fileRef = 90AA2AB021477CE00071F9A9 /* 楷书.TTF */; };
		90AA2AB621477F280071F9A9 /* HandWriteRecognizer.cpp in Sources */ = {isa = PBXBuildFile; fileRef = 90AA2AB421477F280071F9A9 /* HandWriteRecognizer.cpp */; };
		90AA2AB721477F280071F9A9 /* handwrite.model in Resources */ = {isa = PBXBuildFile; fileRef = 90AA2AB521477F280071F9A9 /* handwrite.model */; };
		90AA2ABA21478E0B0071F9A9 /* RecognizeView.mm in Sources */ = {isa = PBXBuildFile; fileRef = 90AA2AB821478E0B0071F9A9 /* RecognizeView.mm */; };
		90AA2AC32149373B0071F9A9 /* LoadViewController.swift in Sources */ = {isa = PBXBuildFile; fileRef = 90AA2AC22149373B0071F9A9 /* LoadViewController.swift */; };
		90AA2ADA214B77960071F9A9 /* contentViewController.swift in Sources */ = {isa = PBXBuildFile; fileRef = 90AA2AD9214B77960071F9A9 /* contentViewController.swift */; };
		BEB150EA214C559700C26B73 /* HuaKangGuJiMuLan-Regular-2.ttf in Resources */ = {isa = PBXBuildFile; fileRef = BEB150E9214C556300C26B73 /* HuaKangGuJiMuLan-Regular-2.ttf */; };
		BEB150EE214C789600C26B73 /* HYChengXingJ.ttf in Resources */ = {isa = PBXBuildFile; fileRef = BEB150ED214C788B00C26B73 /* HYChengXingJ.ttf */; };
/* End PBXBuildFile section */

/* Begin PBXContainerItemProxy section */
		9034D6DE20FE4B050012A6A5 /* PBXContainerItemProxy */ = {
			isa = PBXContainerItemProxy;
			containerPortal = 9034D6C120FE4B040012A6A5 /* Project object */;
			proxyType = 1;
			remoteGlobalIDString = 9034D6C820FE4B040012A6A5;
			remoteInfo = TouchStone;
		};
		9034D6E920FE4B050012A6A5 /* PBXContainerItemProxy */ = {
			isa = PBXContainerItemProxy;
			containerPortal = 9034D6C120FE4B040012A6A5 /* Project object */;
			proxyType = 1;
			remoteGlobalIDString = 9034D6C820FE4B040012A6A5;
			remoteInfo = TouchStone;
		};
/* End PBXContainerItemProxy section */

/* Begin PBXFileReference section */
		901786F0210DEB7200A4A8DF /* DecorateViewController.swift */ = {isa = PBXFileReference; lastKnownFileType = sourcecode.swift; path = DecorateViewController.swift; sourceTree = "<group>"; };
		901786F2210E1D5000A4A8DF /* extentionUIImage.swift */ = {isa = PBXFileReference; lastKnownFileType = sourcecode.swift; path = extentionUIImage.swift; sourceTree = "<group>"; };
		901786F4210E31CA00A4A8DF /* PreviewViewController.swift */ = {isa = PBXFileReference; lastKnownFileType = sourcecode.swift; path = PreviewViewController.swift; sourceTree = "<group>"; };
		901786F6210E382C00A4A8DF /* ARViewController.swift */ = {isa = PBXFileReference; lastKnownFileType = sourcecode.swift; path = ARViewController.swift; sourceTree = "<group>"; };
		901786F8210EEF1300A4A8DF /* GalleryCollectionViewCell.swift */ = {isa = PBXFileReference; lastKnownFileType = sourcecode.swift; path = GalleryCollectionViewCell.swift; sourceTree = "<group>"; };
		901786F9210EEF1300A4A8DF /* GalleryCollectionViewCell.xib */ = {isa = PBXFileReference; lastKnownFileType = file.xib; path = GalleryCollectionViewCell.xib; sourceTree = "<group>"; };
		9034D6C920FE4B040012A6A5 /* TouchStone.app */ = {isa = PBXFileReference; explicitFileType = wrapper.application; includeInIndex = 0; path = TouchStone.app; sourceTree = BUILT_PRODUCTS_DIR; };
		9034D6CC20FE4B040012A6A5 /* AppDelegate.swift */ = {isa = PBXFileReference; lastKnownFileType = sourcecode.swift; path = AppDelegate.swift; sourceTree = "<group>"; };
		9034D6CE20FE4B040012A6A5 /* HomeViewController.swift */ = {isa = PBXFileReference; lastKnownFileType = sourcecode.swift; path = HomeViewController.swift; sourceTree = "<group>"; };
		9034D6D120FE4B040012A6A5 /* Base */ = {isa = PBXFileReference; lastKnownFileType = file.storyboard; name = Base; path = Base.lproj/Main.storyboard; sourceTree = "<group>"; };
		9034D6D320FE4B040012A6A5 /* Assets.xcassets */ = {isa = PBXFileReference; lastKnownFileType = folder.assetcatalog; path = Assets.xcassets; sourceTree = "<group>"; };
		9034D6D620FE4B040012A6A5 /* Base */ = {isa = PBXFileReference; lastKnownFileType = file.storyboard; name = Base; path = Base.lproj/LaunchScreen.storyboard; sourceTree = "<group>"; };
		9034D6D820FE4B040012A6A5 /* Info.plist */ = {isa = PBXFileReference; lastKnownFileType = text.plist.xml; path = Info.plist; sourceTree = "<group>"; };
		9034D6DD20FE4B050012A6A5 /* TouchStoneTests.xctest */ = {isa = PBXFileReference; explicitFileType = wrapper.cfbundle; includeInIndex = 0; path = TouchStoneTests.xctest; sourceTree = BUILT_PRODUCTS_DIR; };
		9034D6E120FE4B050012A6A5 /* TouchStoneTests.swift */ = {isa = PBXFileReference; lastKnownFileType = sourcecode.swift; path = TouchStoneTests.swift; sourceTree = "<group>"; };
		9034D6E320FE4B050012A6A5 /* Info.plist */ = {isa = PBXFileReference; lastKnownFileType = text.plist.xml; path = Info.plist; sourceTree = "<group>"; };
		9034D6E820FE4B050012A6A5 /* TouchStoneUITests.xctest */ = {isa = PBXFileReference; explicitFileType = wrapper.cfbundle; includeInIndex = 0; path = TouchStoneUITests.xctest; sourceTree = BUILT_PRODUCTS_DIR; };
		9034D6EC20FE4B050012A6A5 /* TouchStoneUITests.swift */ = {isa = PBXFileReference; lastKnownFileType = sourcecode.swift; path = TouchStoneUITests.swift; sourceTree = "<group>"; };
		9034D6EE20FE4B050012A6A5 /* Info.plist */ = {isa = PBXFileReference; lastKnownFileType = text.plist.xml; path = Info.plist; sourceTree = "<group>"; };
		9034D6FA20FF935D0012A6A5 /* HomeCollectionViewCell.swift */ = {isa = PBXFileReference; lastKnownFileType = sourcecode.swift; path = HomeCollectionViewCell.swift; sourceTree = "<group>"; };
		9034D6FB20FF935D0012A6A5 /* HomeCollectionViewCell.xib */ = {isa = PBXFileReference; lastKnownFileType = file.xib; path = HomeCollectionViewCell.xib; sourceTree = "<group>"; };
		9034D6FE20FF961C0012A6A5 /* UPCarouselFlowLayout.swift */ = {isa = PBXFileReference; fileEncoding = 4; lastKnownFileType = sourcecode.swift; path = UPCarouselFlowLayout.swift; sourceTree = "<group>"; };
		9034D70121033E380012A6A5 /* PaintBoardViewController.swift */ = {isa = PBXFileReference; lastKnownFileType = sourcecode.swift; path = PaintBoardViewController.swift; sourceTree = "<group>"; };
		9034D70321033E5C0012A6A5 /* CollectionBoardViewController.swift */ = {isa = PBXFileReference; lastKnownFileType = sourcecode.swift; path = CollectionBoardViewController.swift; sourceTree = "<group>"; };
		9034D70521033E720012A6A5 /* CommendBoardViewController1.swift */ = {isa = PBXFileReference; lastKnownFileType = sourcecode.swift; path = CommendBoardViewController1.swift; sourceTree = "<group>"; };
		90806D7D214BC7400000030B /* 改-触墨-闪屏1080-Wang.mov */ = {isa = PBXFileReference; lastKnownFileType = video.quicktime; name = "改-触墨-闪屏1080-Wang.mov"; path = "TouchStone/改-触墨-闪屏1080-Wang.mov"; sourceTree = SOURCE_ROOT; };
		90806D7F214C186F0000030B /* commendSelectorViewController.swift */ = {isa = PBXFileReference; lastKnownFileType = sourcecode.swift; path = commendSelectorViewController.swift; sourceTree = "<group>"; };
		90806D81214C23830000030B /* CommendViewController2.swift */ = {isa = PBXFileReference; lastKnownFileType = sourcecode.swift; path = CommendViewController2.swift; sourceTree = "<group>"; };
		90806D83214C238F0000030B /* CommendViewController3.swift */ = {isa = PBXFileReference; lastKnownFileType = sourcecode.swift; path = CommendViewController3.swift; sourceTree = "<group>"; };
		90806D85214C239A0000030B /* CommendViewController4.swift */ = {isa = PBXFileReference; lastKnownFileType = sourcecode.swift; path = CommendViewController4.swift; sourceTree = "<group>"; };
		90806D87214C23A30000030B /* CommendViewController5.swift */ = {isa = PBXFileReference; lastKnownFileType = sourcecode.swift; path = CommendViewController5.swift; sourceTree = "<group>"; };
		90806D89214C23B10000030B /* CommendViewController6.swift */ = {isa = PBXFileReference; lastKnownFileType = sourcecode.swift; path = CommendViewController6.swift; sourceTree = "<group>"; };
		90806D8B214C23BC0000030B /* CommendViewController7.swift */ = {isa = PBXFileReference; lastKnownFileType = sourcecode.swift; path = CommendViewController7.swift; sourceTree = "<group>"; };
		90806D8D214C23C60000030B /* CommendViewController8.swift */ = {isa = PBXFileReference; lastKnownFileType = sourcecode.swift; path = CommendViewController8.swift; sourceTree = "<group>"; };
		90806D8F214C23D20000030B /* CommendViewController9.swift */ = {isa = PBXFileReference; lastKnownFileType = sourcecode.swift; path = CommendViewController9.swift; sourceTree = "<group>"; };
		90806D91214C23DB0000030B /* CommendViewController10.swift */ = {isa = PBXFileReference; lastKnownFileType = sourcecode.swift; path = CommendViewController10.swift; sourceTree = "<group>"; };
		90806D93214C249C0000030B /* CommendBoardViewController2.swift */ = {isa = PBXFileReference; lastKnownFileType = sourcecode.swift; path = CommendBoardViewController2.swift; sourceTree = "<group>"; };
		90806D95214C24A90000030B /* CommendBoardViewController3.swift */ = {isa = PBXFileReference; lastKnownFileType = sourcecode.swift; path = CommendBoardViewController3.swift; sourceTree = "<group>"; };
		90806D97214C24B20000030B /* CommendBoardViewController4.swift */ = {isa = PBXFileReference; lastKnownFileType = sourcecode.swift; path = CommendBoardViewController4.swift; sourceTree = "<group>"; };
		90806D99214C24BC0000030B /* CommendBoardViewController5.swift */ = {isa = PBXFileReference; lastKnownFileType = sourcecode.swift; path = CommendBoardViewController5.swift; sourceTree = "<group>"; };
		90806D9B214C24C50000030B /* CommendBoardViewController6.swift */ = {isa = PBXFileReference; lastKnownFileType = sourcecode.swift; path = CommendBoardViewController6.swift; sourceTree = "<group>"; };
		90806D9D214C24D20000030B /* CommendBoardViewController7.swift */ = {isa = PBXFileReference; lastKnownFileType = sourcecode.swift; path = CommendBoardViewController7.swift; sourceTree = "<group>"; };
		90806D9F214C24DC0000030B /* CommendBoardViewController8.swift */ = {isa = PBXFileReference; lastKnownFileType = sourcecode.swift; path = CommendBoardViewController8.swift; sourceTree = "<group>"; };
		90806DA1214C24E50000030B /* CommendBoardViewController9.swift */ = {isa = PBXFileReference; lastKnownFileType = sourcecode.swift; path = CommendBoardViewController9.swift; sourceTree = "<group>"; };
		90806DA3214C24EE0000030B /* CommendBoardViewController10.swift */ = {isa = PBXFileReference; lastKnownFileType = sourcecode.swift; path = CommendBoardViewController10.swift; sourceTree = "<group>"; };
		90806DAA214C414C0000030B /* bg3.gif */ = {isa = PBXFileReference; lastKnownFileType = image.gif; path = bg3.gif; sourceTree = "<group>"; };
		909E044B2104521800D025BD /* CommendViewController1.swift */ = {isa = PBXFileReference; lastKnownFileType = sourcecode.swift; path = CommendViewController1.swift; sourceTree = "<group>"; };
		909E05072108289C00D025BD /* RecognizeViewController.swift */ = {isa = PBXFileReference; lastKnownFileType = sourcecode.swift; path = RecognizeViewController.swift; sourceTree = "<group>"; };
		909E050D21086A7E00D025BD /* wordCollectionViewCell.swift */ = {isa = PBXFileReference; lastKnownFileType = sourcecode.swift; path = wordCollectionViewCell.swift; sourceTree = "<group>"; };
		909E050E21086A7E00D025BD /* wordCollectionViewCell.xib */ = {isa = PBXFileReference; lastKnownFileType = file.xib; path = wordCollectionViewCell.xib; sourceTree = "<group>"; };
		909E051121086A8A00D025BD /* ttfCollectionViewCell.swift */ = {isa = PBXFileReference; lastKnownFileType = sourcecode.swift; path = ttfCollectionViewCell.swift; sourceTree = "<group>"; };
		909E051221086A8A00D025BD /* ttfCollectionViewCell.xib */ = {isa = PBXFileReference; lastKnownFileType = file.xib; path = ttfCollectionViewCell.xib; sourceTree = "<group>"; };
		90AA2AA02146C5C30071F9A9 /* 柳公权体.ttf */ = {isa = PBXFileReference; lastKnownFileType = file; path = "柳公权体.ttf"; sourceTree = "<group>"; };
		90AA2AA22146C5DB0071F9A9 /* 行书.TTF */ = {isa = PBXFileReference; lastKnownFileType = file; path = "行书.TTF"; sourceTree = "<group>"; };
		90AA2AA42146C5E40071F9A9 /* 草书.ttf */ = {isa = PBXFileReference; lastKnownFileType = file; path = "草书.ttf"; sourceTree = "<group>"; };
		90AA2AA62146C5EF0071F9A9 /* 隶书.ttf */ = {isa = PBXFileReference; lastKnownFileType = file; path = "隶书.ttf"; sourceTree = "<group>"; };
		90AA2AA82146C5FB0071F9A9 /* 颜真卿体.ttf */ = {isa = PBXFileReference; lastKnownFileType = file; path = "颜真卿体.ttf"; sourceTree = "<group>"; };
		90AA2AAA2146C6060071F9A9 /* 郑板桥体.ttf */ = {isa = PBXFileReference; lastKnownFileType = file; path = "郑板桥体.ttf"; sourceTree = "<group>"; };
		90AA2AB021477CE00071F9A9 /* 楷书.TTF */ = {isa = PBXFileReference; lastKnownFileType = file; path = "楷书.TTF"; sourceTree = "<group>"; };
		90AA2AB221477F270071F9A9 /* TouchStone-Bridging-Header.h */ = {isa = PBXFileReference; lastKnownFileType = sourcecode.c.h; path = "TouchStone-Bridging-Header.h"; sourceTree = "<group>"; };
		90AA2AB421477F280071F9A9 /* HandWriteRecognizer.cpp */ = {isa = PBXFileReference; fileEncoding = 4; lastKnownFileType = sourcecode.cpp.cpp; path = HandWriteRecognizer.cpp; sourceTree = "<group>"; };
		90AA2AB521477F280071F9A9 /* handwrite.model */ = {isa = PBXFileReference; fileEncoding = 4; lastKnownFileType = text; path = handwrite.model; sourceTree = "<group>"; };
		90AA2AB821478E0B0071F9A9 /* RecognizeView.mm */ = {isa = PBXFileReference; fileEncoding = 4; lastKnownFileType = sourcecode.cpp.objcpp; path = RecognizeView.mm; sourceTree = "<group>"; };
		90AA2AB921478E0B0071F9A9 /* RecognizeView.h */ = {isa = PBXFileReference; fileEncoding = 4; lastKnownFileType = sourcecode.c.h; path = RecognizeView.h; sourceTree = "<group>"; };
		90AA2ABB21478F180071F9A9 /* HandWriteRecognizer.h */ = {isa = PBXFileReference; lastKnownFileType = sourcecode.c.h; path = HandWriteRecognizer.h; sourceTree = "<group>"; };
		90AA2AC22149373B0071F9A9 /* LoadViewController.swift */ = {isa = PBXFileReference; lastKnownFileType = sourcecode.swift; path = LoadViewController.swift; sourceTree = "<group>"; };
		90AA2AD9214B77960071F9A9 /* contentViewController.swift */ = {isa = PBXFileReference; lastKnownFileType = sourcecode.swift; path = contentViewController.swift; sourceTree = "<group>"; };
		BEB150E9214C556300C26B73 /* HuaKangGuJiMuLan-Regular-2.ttf */ = {isa = PBXFileReference; lastKnownFileType = file; name = "HuaKangGuJiMuLan-Regular-2.ttf"; path = "../HuaKangGuJiMuLan-Regular-2.ttf"; sourceTree = "<group>"; };
		BEB150ED214C788B00C26B73 /* HYChengXingJ.ttf */ = {isa = PBXFileReference; lastKnownFileType = file; path = HYChengXingJ.ttf; sourceTree = "<group>"; };
/* End PBXFileReference section */

/* Begin PBXFrameworksBuildPhase section */
		9034D6C620FE4B040012A6A5 /* Frameworks */ = {
			isa = PBXFrameworksBuildPhase;
			buildActionMask = 2147483647;
			files = (
			);
			runOnlyForDeploymentPostprocessing = 0;
		};
		9034D6DA20FE4B050012A6A5 /* Frameworks */ = {
			isa = PBXFrameworksBuildPhase;
			buildActionMask = 2147483647;
			files = (
			);
			runOnlyForDeploymentPostprocessing = 0;
		};
		9034D6E520FE4B050012A6A5 /* Frameworks */ = {
			isa = PBXFrameworksBuildPhase;
			buildActionMask = 2147483647;
			files = (
			);
			runOnlyForDeploymentPostprocessing = 0;
		};
/* End PBXFrameworksBuildPhase section */

/* Begin PBXGroup section */
		901786FD210EEF5700A4A8DF /* HomeView */ = {
			isa = PBXGroup;
			children = (
				9034D6CE20FE4B040012A6A5 /* HomeViewController.swift */,
				9034D6FA20FF935D0012A6A5 /* HomeCollectionViewCell.swift */,
				9034D6FB20FF935D0012A6A5 /* HomeCollectionViewCell.xib */,
			);
			path = HomeView;
			sourceTree = "<group>";
		};
		901786FE210EEF6300A4A8DF /* PaintBoard */ = {
			isa = PBXGroup;
			children = (
				9034D70121033E380012A6A5 /* PaintBoardViewController.swift */,
			);
			path = PaintBoard;
			sourceTree = "<group>";
		};
		901786FF210EEF6F00A4A8DF /* CollectionBoard */ = {
			isa = PBXGroup;
			children = (
				9034D70321033E5C0012A6A5 /* CollectionBoardViewController.swift */,
				901786F8210EEF1300A4A8DF /* GalleryCollectionViewCell.swift */,
				901786F9210EEF1300A4A8DF /* GalleryCollectionViewCell.xib */,
			);
			path = CollectionBoard;
			sourceTree = "<group>";
		};
		90178700210EEF7F00A4A8DF /* CommendBoard */ = {
			isa = PBXGroup;
			children = (
				90AA2AD9214B77960071F9A9 /* contentViewController.swift */,
				90806D7F214C186F0000030B /* commendSelectorViewController.swift */,
				909E044B2104521800D025BD /* CommendViewController1.swift */,
				90806D81214C23830000030B /* CommendViewController2.swift */,
				90806D83214C238F0000030B /* CommendViewController3.swift */,
				90806D85214C239A0000030B /* CommendViewController4.swift */,
				90806D87214C23A30000030B /* CommendViewController5.swift */,
				90806D89214C23B10000030B /* CommendViewController6.swift */,
				90806D8B214C23BC0000030B /* CommendViewController7.swift */,
				90806D8D214C23C60000030B /* CommendViewController8.swift */,
				90806D8F214C23D20000030B /* CommendViewController9.swift */,
				90806D91214C23DB0000030B /* CommendViewController10.swift */,
				9034D70521033E720012A6A5 /* CommendBoardViewController1.swift */,
				90806D93214C249C0000030B /* CommendBoardViewController2.swift */,
				90806D95214C24A90000030B /* CommendBoardViewController3.swift */,
				90806D97214C24B20000030B /* CommendBoardViewController4.swift */,
				90806D99214C24BC0000030B /* CommendBoardViewController5.swift */,
				90806D9B214C24C50000030B /* CommendBoardViewController6.swift */,
				90806D9D214C24D20000030B /* CommendBoardViewController7.swift */,
				90806D9F214C24DC0000030B /* CommendBoardViewController8.swift */,
				90806DA1214C24E50000030B /* CommendBoardViewController9.swift */,
				90806DA3214C24EE0000030B /* CommendBoardViewController10.swift */,
			);
			path = CommendBoard;
			sourceTree = "<group>";
		};
		90178701210EEF9000A4A8DF /* RecognizeBoard */ = {
			isa = PBXGroup;
			children = (
				909E05072108289C00D025BD /* RecognizeViewController.swift */,
				909E050D21086A7E00D025BD /* wordCollectionViewCell.swift */,
				909E050E21086A7E00D025BD /* wordCollectionViewCell.xib */,
				909E051121086A8A00D025BD /* ttfCollectionViewCell.swift */,
				909E051221086A8A00D025BD /* ttfCollectionViewCell.xib */,
			);
			path = RecognizeBoard;
			sourceTree = "<group>";
		};
		90178702210EEF9E00A4A8DF /* DecorateBoard */ = {
			isa = PBXGroup;
			children = (
				901786F0210DEB7200A4A8DF /* DecorateViewController.swift */,
			);
			path = DecorateBoard;
			sourceTree = "<group>";
		};
		90178703210EEFA800A4A8DF /* PreviewBoard */ = {
			isa = PBXGroup;
			children = (
				901786F4210E31CA00A4A8DF /* PreviewViewController.swift */,
			);
			path = PreviewBoard;
			sourceTree = "<group>";
		};
		90178704210EEFB500A4A8DF /* ARViewBoard */ = {
			isa = PBXGroup;
			children = (
				901786F6210E382C00A4A8DF /* ARViewController.swift */,
			);
			path = ARViewBoard;
			sourceTree = "<group>";
		};
		90178705210EF01300A4A8DF /* CollectionViewController */ = {
			isa = PBXGroup;
			children = (
				9034D6FE20FF961C0012A6A5 /* UPCarouselFlowLayout.swift */,
			);
			path = CollectionViewController;
			sourceTree = "<group>";
		};
		90178706210EF03100A4A8DF /* UIImage */ = {
			isa = PBXGroup;
			children = (
				901786F2210E1D5000A4A8DF /* extentionUIImage.swift */,
			);
			path = UIImage;
			sourceTree = "<group>";
		};
		9034D6C020FE4B040012A6A5 = {
			isa = PBXGroup;
			children = (
				9034D6CB20FE4B040012A6A5 /* TouchStone */,
				9034D6E020FE4B050012A6A5 /* TouchStoneTests */,
				9034D6EB20FE4B050012A6A5 /* TouchStoneUITests */,
				9034D6CA20FE4B040012A6A5 /* Products */,
			);
			sourceTree = "<group>";
		};
		9034D6CA20FE4B040012A6A5 /* Products */ = {
			isa = PBXGroup;
			children = (
				9034D6C920FE4B040012A6A5 /* TouchStone.app */,
				9034D6DD20FE4B050012A6A5 /* TouchStoneTests.xctest */,
				9034D6E820FE4B050012A6A5 /* TouchStoneUITests.xctest */,
			);
			name = Products;
			sourceTree = "<group>";
		};
		9034D6CB20FE4B040012A6A5 /* TouchStone */ = {
			isa = PBXGroup;
			children = (
				909E048D210480D900D025BD /* Support Sources */,
				909E048E2104810600D025BD /* ViewController */,
				9034D6D020FE4B040012A6A5 /* Main.storyboard */,
				9034D6D320FE4B040012A6A5 /* Assets.xcassets */,
			);
			path = TouchStone;
			sourceTree = "<group>";
		};
		9034D6E020FE4B050012A6A5 /* TouchStoneTests */ = {
			isa = PBXGroup;
			children = (
				9034D6E120FE4B050012A6A5 /* TouchStoneTests.swift */,
				9034D6E320FE4B050012A6A5 /* Info.plist */,
			);
			path = TouchStoneTests;
			sourceTree = "<group>";
		};
		9034D6EB20FE4B050012A6A5 /* TouchStoneUITests */ = {
			isa = PBXGroup;
			children = (
				9034D6EC20FE4B050012A6A5 /* TouchStoneUITests.swift */,
				9034D6EE20FE4B050012A6A5 /* Info.plist */,
			);
			path = TouchStoneUITests;
			sourceTree = "<group>";
		};
		909E048D210480D900D025BD /* Support Sources */ = {
			isa = PBXGroup;
			children = (
				90806DAA214C414C0000030B /* bg3.gif */,
				90AA2AA02146C5C30071F9A9 /* 柳公权体.ttf */,
				90AA2AAA2146C6060071F9A9 /* 郑板桥体.ttf */,
				BEB150ED214C788B00C26B73 /* HYChengXingJ.ttf */,
				90AA2AA82146C5FB0071F9A9 /* 颜真卿体.ttf */,
				90AA2AA62146C5EF0071F9A9 /* 隶书.ttf */,
				90AA2AA42146C5E40071F9A9 /* 草书.ttf */,
				90AA2AA22146C5DB0071F9A9 /* 行书.TTF */,
				90AA2AB021477CE00071F9A9 /* 楷书.TTF */,
				90806D7D214BC7400000030B /* 改-触墨-闪屏1080-Wang.mov */,
				BEB150E9214C556300C26B73 /* HuaKangGuJiMuLan-Regular-2.ttf */,
				909E04902105A6F500D025BD /* paintBoard */,
				90178705210EF01300A4A8DF /* CollectionViewController */,
				90178706210EF03100A4A8DF /* UIImage */,
				9034D6CC20FE4B040012A6A5 /* AppDelegate.swift */,
				9034D6D520FE4B040012A6A5 /* LaunchScreen.storyboard */,
				9034D6D820FE4B040012A6A5 /* Info.plist */,
			);
			path = "Support Sources";
			sourceTree = "<group>";
		};
		909E048E2104810600D025BD /* ViewController */ = {
			isa = PBXGroup;
			children = (
				901786FD210EEF5700A4A8DF /* HomeView */,
				901786FE210EEF6300A4A8DF /* PaintBoard */,
				901786FF210EEF6F00A4A8DF /* CollectionBoard */,
				90178700210EEF7F00A4A8DF /* CommendBoard */,
				90178701210EEF9000A4A8DF /* RecognizeBoard */,
				90178702210EEF9E00A4A8DF /* DecorateBoard */,
				90178703210EEFA800A4A8DF /* PreviewBoard */,
				90178704210EEFB500A4A8DF /* ARViewBoard */,
				90AA2AC4214937400071F9A9 /* LoadView */,
			);
			path = ViewController;
			sourceTree = "<group>";
		};
		909E04902105A6F500D025BD /* paintBoard */ = {
			isa = PBXGroup;
			children = (
				90AA2AB521477F280071F9A9 /* handwrite.model */,
				90AA2AB921478E0B0071F9A9 /* RecognizeView.h */,
				90AA2AB821478E0B0071F9A9 /* RecognizeView.mm */,
				90AA2ABB21478F180071F9A9 /* HandWriteRecognizer.h */,
				90AA2AB421477F280071F9A9 /* HandWriteRecognizer.cpp */,
				90AA2AB221477F270071F9A9 /* TouchStone-Bridging-Header.h */,
			);
			path = paintBoard;
			sourceTree = "<group>";
		};
		90AA2AC4214937400071F9A9 /* LoadView */ = {
			isa = PBXGroup;
			children = (
				90AA2AC22149373B0071F9A9 /* LoadViewController.swift */,
			);
			path = LoadView;
			sourceTree = "<group>";
		};
/* End PBXGroup section */

/* Begin PBXNativeTarget section */
		9034D6C820FE4B040012A6A5 /* TouchStone */ = {
			isa = PBXNativeTarget;
			buildConfigurationList = 9034D6F120FE4B050012A6A5 /* Build configuration list for PBXNativeTarget "TouchStone" */;
			buildPhases = (
				9034D6C520FE4B040012A6A5 /* Sources */,
				9034D6C620FE4B040012A6A5 /* Frameworks */,
				9034D6C720FE4B040012A6A5 /* Resources */,
			);
			buildRules = (
			);
			dependencies = (
			);
			name = TouchStone;
			productName = TouchStone;
			productReference = 9034D6C920FE4B040012A6A5 /* TouchStone.app */;
			productType = "com.apple.product-type.application";
		};
		9034D6DC20FE4B050012A6A5 /* TouchStoneTests */ = {
			isa = PBXNativeTarget;
			buildConfigurationList = 9034D6F420FE4B050012A6A5 /* Build configuration list for PBXNativeTarget "TouchStoneTests" */;
			buildPhases = (
				9034D6D920FE4B050012A6A5 /* Sources */,
				9034D6DA20FE4B050012A6A5 /* Frameworks */,
				9034D6DB20FE4B050012A6A5 /* Resources */,
			);
			buildRules = (
			);
			dependencies = (
				9034D6DF20FE4B050012A6A5 /* PBXTargetDependency */,
			);
			name = TouchStoneTests;
			productName = TouchStoneTests;
			productReference = 9034D6DD20FE4B050012A6A5 /* TouchStoneTests.xctest */;
			productType = "com.apple.product-type.bundle.unit-test";
		};
		9034D6E720FE4B050012A6A5 /* TouchStoneUITests */ = {
			isa = PBXNativeTarget;
			buildConfigurationList = 9034D6F720FE4B050012A6A5 /* Build configuration list for PBXNativeTarget "TouchStoneUITests" */;
			buildPhases = (
				9034D6E420FE4B050012A6A5 /* Sources */,
				9034D6E520FE4B050012A6A5 /* Frameworks */,
				9034D6E620FE4B050012A6A5 /* Resources */,
			);
			buildRules = (
			);
			dependencies = (
				9034D6EA20FE4B050012A6A5 /* PBXTargetDependency */,
			);
			name = TouchStoneUITests;
			productName = TouchStoneUITests;
			productReference = 9034D6E820FE4B050012A6A5 /* TouchStoneUITests.xctest */;
			productType = "com.apple.product-type.bundle.ui-testing";
		};
/* End PBXNativeTarget section */

/* Begin PBXProject section */
		9034D6C120FE4B040012A6A5 /* Project object */ = {
			isa = PBXProject;
			attributes = {
				LastSwiftUpdateCheck = 0940;
				LastUpgradeCheck = 0940;
				ORGANIZATIONNAME = cn.edu.tongji.1652977;
				TargetAttributes = {
					9034D6C820FE4B040012A6A5 = {
						CreatedOnToolsVersion = 9.4.1;
						LastSwiftMigration = 0940;
					};
					9034D6DC20FE4B050012A6A5 = {
						CreatedOnToolsVersion = 9.4.1;
						TestTargetID = 9034D6C820FE4B040012A6A5;
					};
					9034D6E720FE4B050012A6A5 = {
						CreatedOnToolsVersion = 9.4.1;
						TestTargetID = 9034D6C820FE4B040012A6A5;
					};
				};
			};
			buildConfigurationList = 9034D6C420FE4B040012A6A5 /* Build configuration list for PBXProject "TouchStone" */;
			compatibilityVersion = "Xcode 9.3";
			developmentRegion = en;
			hasScannedForEncodings = 0;
			knownRegions = (
				en,
				Base,
			);
			mainGroup = 9034D6C020FE4B040012A6A5;
			productRefGroup = 9034D6CA20FE4B040012A6A5 /* Products */;
			projectDirPath = "";
			projectRoot = "";
			targets = (
				9034D6C820FE4B040012A6A5 /* TouchStone */,
				9034D6DC20FE4B050012A6A5 /* TouchStoneTests */,
				9034D6E720FE4B050012A6A5 /* TouchStoneUITests */,
			);
		};
/* End PBXProject section */

/* Begin PBXResourcesBuildPhase section */
		9034D6C720FE4B040012A6A5 /* Resources */ = {
			isa = PBXResourcesBuildPhase;
			buildActionMask = 2147483647;
			files = (
				90806D7E214BC7400000030B /* 改-触墨-闪屏1080-Wang.mov in Resources */,
				90AA2AA32146C5DC0071F9A9 /* 行书.TTF in Resources */,
				90AA2AAB2146C6070071F9A9 /* 郑板桥体.ttf in Resources */,
				90AA2AA72146C5EF0071F9A9 /* 隶书.ttf in Resources */,
				90AA2AB721477F280071F9A9 /* handwrite.model in Resources */,
				9034D6D720FE4B040012A6A5 /* LaunchScreen.storyboard in Resources */,
				9034D6D420FE4B040012A6A5 /* Assets.xcassets in Resources */,
				BEB150EA214C559700C26B73 /* HuaKangGuJiMuLan-Regular-2.ttf in Resources */,
				90AA2AA92146C5FB0071F9A9 /* 颜真卿体.ttf in Resources */,
				9034D6D220FE4B040012A6A5 /* Main.storyboard in Resources */,
				BEB150EE214C789600C26B73 /* HYChengXingJ.ttf in Resources */,
				909E051021086A7E00D025BD /* wordCollectionViewCell.xib in Resources */,
				901786FB210EEF1300A4A8DF /* GalleryCollectionViewCell.xib in Resources */,
				9034D6FD20FF935D0012A6A5 /* HomeCollectionViewCell.xib in Resources */,
				909E051421086A8A00D025BD /* ttfCollectionViewCell.xib in Resources */,
				90AA2AA12146C5C30071F9A9 /* 柳公权体.ttf in Resources */,
				90AA2AA52146C5E50071F9A9 /* 草书.ttf in Resources */,
				90AA2AB121477CE10071F9A9 /* 楷书.TTF in Resources */,
				90806DAB214C41540000030B /* bg3.gif in Resources */,
			);
			runOnlyForDeploymentPostprocessing = 0;
		};
		9034D6DB20FE4B050012A6A5 /* Resources */ = {
			isa = PBXResourcesBuildPhase;
			buildActionMask = 2147483647;
			files = (
			);
			runOnlyForDeploymentPostprocessing = 0;
		};
		9034D6E620FE4B050012A6A5 /* Resources */ = {
			isa = PBXResourcesBuildPhase;
			buildActionMask = 2147483647;
			files = (
			);
			runOnlyForDeploymentPostprocessing = 0;
		};
/* End PBXResourcesBuildPhase section */

/* Begin PBXSourcesBuildPhase section */
		9034D6C520FE4B040012A6A5 /* Sources */ = {
			isa = PBXSourcesBuildPhase;
			buildActionMask = 2147483647;
			files = (
				909E044C2104521800D025BD /* CommendViewController1.swift in Sources */,
				9034D6CF20FE4B040012A6A5 /* HomeViewController.swift in Sources */,
				90806D80214C186F0000030B /* commendSelectorViewController.swift in Sources */,
				901786F7210E382C00A4A8DF /* ARViewController.swift in Sources */,
				90806D84214C238F0000030B /* CommendViewController3.swift in Sources */,
				90806D8A214C23B10000030B /* CommendViewController6.swift in Sources */,
				90AA2AB621477F280071F9A9 /* HandWriteRecognizer.cpp in Sources */,
				90806DA2214C24E50000030B /* CommendBoardViewController9.swift in Sources */,
				901786FA210EEF1300A4A8DF /* GalleryCollectionViewCell.swift in Sources */,
				90806D88214C23A30000030B /* CommendViewController5.swift in Sources */,
				909E051321086A8A00D025BD /* ttfCollectionViewCell.swift in Sources */,
				90806D8C214C23BC0000030B /* CommendViewController7.swift in Sources */,
				90806D9A214C24BC0000030B /* CommendBoardViewController5.swift in Sources */,
				90806D96214C24A90000030B /* CommendBoardViewController3.swift in Sources */,
				9034D70421033E5C0012A6A5 /* CollectionBoardViewController.swift in Sources */,
				9034D70621033E720012A6A5 /* CommendBoardViewController1.swift in Sources */,
				9034D6CD20FE4B040012A6A5 /* AppDelegate.swift in Sources */,
				90AA2AC32149373B0071F9A9 /* LoadViewController.swift in Sources */,
				9034D6FF20FF961C0012A6A5 /* UPCarouselFlowLayout.swift in Sources */,
				901786F5210E31CA00A4A8DF /* PreviewViewController.swift in Sources */,
				90806D9C214C24C50000030B /* CommendBoardViewController6.swift in Sources */,
				901786F3210E1D5000A4A8DF /* extentionUIImage.swift in Sources */,
				909E050F21086A7E00D025BD /* wordCollectionViewCell.swift in Sources */,
				909E05082108289C00D025BD /* RecognizeViewController.swift in Sources */,
				9034D6FC20FF935D0012A6A5 /* HomeCollectionViewCell.swift in Sources */,
				90AA2ADA214B77960071F9A9 /* contentViewController.swift in Sources */,
				90806D90214C23D20000030B /* CommendViewController9.swift in Sources */,
				90806DA0214C24DC0000030B /* CommendBoardViewController8.swift in Sources */,
				90806D98214C24B20000030B /* CommendBoardViewController4.swift in Sources */,
				90806D9E214C24D20000030B /* CommendBoardViewController7.swift in Sources */,
				90AA2ABA21478E0B0071F9A9 /* RecognizeView.mm in Sources */,
				901786F1210DEB7200A4A8DF /* DecorateViewController.swift in Sources */,
				90806DA4214C24EE0000030B /* CommendBoardViewController10.swift in Sources */,
				90806D94214C249C0000030B /* CommendBoardViewController2.swift in Sources */,
				90806D86214C239A0000030B /* CommendViewController4.swift in Sources */,
				90806D8E214C23C60000030B /* CommendViewController8.swift in Sources */,
				90806D92214C23DB0000030B /* CommendViewController10.swift in Sources */,
				9034D70221033E380012A6A5 /* PaintBoardViewController.swift in Sources */,
				90806D82214C23830000030B /* CommendViewController2.swift in Sources */,
			);
			runOnlyForDeploymentPostprocessing = 0;
		};
		9034D6D920FE4B050012A6A5 /* Sources */ = {
			isa = PBXSourcesBuildPhase;
			buildActionMask = 2147483647;
			files = (
				9034D6E220FE4B050012A6A5 /* TouchStoneTests.swift in Sources */,
			);
			runOnlyForDeploymentPostprocessing = 0;
		};
		9034D6E420FE4B050012A6A5 /* Sources */ = {
			isa = PBXSourcesBuildPhase;
			buildActionMask = 2147483647;
			files = (
				9034D6ED20FE4B050012A6A5 /* TouchStoneUITests.swift in Sources */,
			);
			runOnlyForDeploymentPostprocessing = 0;
		};
/* End PBXSourcesBuildPhase section */

/* Begin PBXTargetDependency section */
		9034D6DF20FE4B050012A6A5 /* PBXTargetDependency */ = {
			isa = PBXTargetDependency;
			target = 9034D6C820FE4B040012A6A5 /* TouchStone */;
			targetProxy = 9034D6DE20FE4B050012A6A5 /* PBXContainerItemProxy */;
		};
		9034D6EA20FE4B050012A6A5 /* PBXTargetDependency */ = {
			isa = PBXTargetDependency;
			target = 9034D6C820FE4B040012A6A5 /* TouchStone */;
			targetProxy = 9034D6E920FE4B050012A6A5 /* PBXContainerItemProxy */;
		};
/* End PBXTargetDependency section */

/* Begin PBXVariantGroup section */
		9034D6D020FE4B040012A6A5 /* Main.storyboard */ = {
			isa = PBXVariantGroup;
			children = (
				9034D6D120FE4B040012A6A5 /* Base */,
			);
			name = Main.storyboard;
			sourceTree = "<group>";
		};
		9034D6D520FE4B040012A6A5 /* LaunchScreen.storyboard */ = {
			isa = PBXVariantGroup;
			children = (
				9034D6D620FE4B040012A6A5 /* Base */,
			);
			name = LaunchScreen.storyboard;
			sourceTree = "<group>";
		};
/* End PBXVariantGroup section */

/* Begin XCBuildConfiguration section */
		9034D6EF20FE4B050012A6A5 /* Debug */ = {
			isa = XCBuildConfiguration;
			buildSettings = {
				ALWAYS_SEARCH_USER_PATHS = NO;
				CLANG_ANALYZER_NONNULL = YES;
				CLANG_ANALYZER_NUMBER_OBJECT_CONVERSION = YES_AGGRESSIVE;
				CLANG_CXX_LANGUAGE_STANDARD = "c++98";
				CLANG_CXX_LIBRARY = "libc++";
				CLANG_ENABLE_MODULES = YES;
				CLANG_ENABLE_OBJC_ARC = YES;
				CLANG_ENABLE_OBJC_WEAK = YES;
				CLANG_WARN_BLOCK_CAPTURE_AUTORELEASING = YES;
				CLANG_WARN_BOOL_CONVERSION = YES;
				CLANG_WARN_COMMA = YES;
				CLANG_WARN_CONSTANT_CONVERSION = YES;
				CLANG_WARN_DEPRECATED_OBJC_IMPLEMENTATIONS = YES;
				CLANG_WARN_DIRECT_OBJC_ISA_USAGE = YES_ERROR;
				CLANG_WARN_DOCUMENTATION_COMMENTS = YES;
				CLANG_WARN_EMPTY_BODY = YES;
				CLANG_WARN_ENUM_CONVERSION = YES;
				CLANG_WARN_INFINITE_RECURSION = YES;
				CLANG_WARN_INT_CONVERSION = YES;
				CLANG_WARN_NON_LITERAL_NULL_CONVERSION = YES;
				CLANG_WARN_OBJC_IMPLICIT_RETAIN_SELF = YES;
				CLANG_WARN_OBJC_LITERAL_CONVERSION = YES;
				CLANG_WARN_OBJC_ROOT_CLASS = YES_ERROR;
				CLANG_WARN_RANGE_LOOP_ANALYSIS = NO;
				CLANG_WARN_STRICT_PROTOTYPES = YES;
				CLANG_WARN_SUSPICIOUS_MOVE = NO;
				CLANG_WARN_UNGUARDED_AVAILABILITY = YES_AGGRESSIVE;
				CLANG_WARN_UNREACHABLE_CODE = YES;
				CLANG_WARN__DUPLICATE_METHOD_MATCH = YES;
				CODE_SIGN_IDENTITY = "iPhone Developer";
				COPY_PHASE_STRIP = NO;
				DEBUG_INFORMATION_FORMAT = dwarf;
				ENABLE_STRICT_OBJC_MSGSEND = YES;
				ENABLE_TESTABILITY = YES;
				GCC_C_LANGUAGE_STANDARD = c99;
				GCC_DYNAMIC_NO_PIC = NO;
				GCC_NO_COMMON_BLOCKS = YES;
				GCC_OPTIMIZATION_LEVEL = 0;
				GCC_PREPROCESSOR_DEFINITIONS = (
					"DEBUG=1",
					"$(inherited)",
				);
				GCC_SYMBOLS_PRIVATE_EXTERN = YES;
				GCC_WARN_64_TO_32_BIT_CONVERSION = YES;
				GCC_WARN_ABOUT_RETURN_TYPE = YES_ERROR;
				GCC_WARN_UNDECLARED_SELECTOR = YES;
				GCC_WARN_UNINITIALIZED_AUTOS = YES_AGGRESSIVE;
				GCC_WARN_UNUSED_FUNCTION = YES;
				GCC_WARN_UNUSED_VARIABLE = YES;
				INFOPLIST_FILE = "Support Souces/Info.plist";
				IPHONEOS_DEPLOYMENT_TARGET = 11.4;
				MTL_ENABLE_DEBUG_INFO = YES;
				ONLY_ACTIVE_ARCH = YES;
				SDKROOT = iphoneos;
				SWIFT_ACTIVE_COMPILATION_CONDITIONS = DEBUG;
				SWIFT_OPTIMIZATION_LEVEL = "-Onone";
			};
			name = Debug;
		};
		9034D6F020FE4B050012A6A5 /* Release */ = {
			isa = XCBuildConfiguration;
			buildSettings = {
				ALWAYS_SEARCH_USER_PATHS = NO;
				CLANG_ANALYZER_NONNULL = YES;
				CLANG_ANALYZER_NUMBER_OBJECT_CONVERSION = YES_AGGRESSIVE;
				CLANG_CXX_LANGUAGE_STANDARD = "c++98";
				CLANG_CXX_LIBRARY = "libc++";
				CLANG_ENABLE_MODULES = YES;
				CLANG_ENABLE_OBJC_ARC = YES;
				CLANG_ENABLE_OBJC_WEAK = YES;
				CLANG_WARN_BLOCK_CAPTURE_AUTORELEASING = YES;
				CLANG_WARN_BOOL_CONVERSION = YES;
				CLANG_WARN_COMMA = YES;
				CLANG_WARN_CONSTANT_CONVERSION = YES;
				CLANG_WARN_DEPRECATED_OBJC_IMPLEMENTATIONS = YES;
				CLANG_WARN_DIRECT_OBJC_ISA_USAGE = YES_ERROR;
				CLANG_WARN_DOCUMENTATION_COMMENTS = YES;
				CLANG_WARN_EMPTY_BODY = YES;
				CLANG_WARN_ENUM_CONVERSION = YES;
				CLANG_WARN_INFINITE_RECURSION = YES;
				CLANG_WARN_INT_CONVERSION = YES;
				CLANG_WARN_NON_LITERAL_NULL_CONVERSION = YES;
				CLANG_WARN_OBJC_IMPLICIT_RETAIN_SELF = YES;
				CLANG_WARN_OBJC_LITERAL_CONVERSION = YES;
				CLANG_WARN_OBJC_ROOT_CLASS = YES_ERROR;
				CLANG_WARN_RANGE_LOOP_ANALYSIS = NO;
				CLANG_WARN_STRICT_PROTOTYPES = YES;
				CLANG_WARN_SUSPICIOUS_MOVE = NO;
				CLANG_WARN_UNGUARDED_AVAILABILITY = YES_AGGRESSIVE;
				CLANG_WARN_UNREACHABLE_CODE = YES;
				CLANG_WARN__DUPLICATE_METHOD_MATCH = YES;
				CODE_SIGN_IDENTITY = "iPhone Developer";
				COPY_PHASE_STRIP = NO;
				DEBUG_INFORMATION_FORMAT = "dwarf-with-dsym";
				ENABLE_NS_ASSERTIONS = NO;
				ENABLE_STRICT_OBJC_MSGSEND = YES;
				GCC_C_LANGUAGE_STANDARD = c99;
				GCC_NO_COMMON_BLOCKS = YES;
				GCC_SYMBOLS_PRIVATE_EXTERN = YES;
				GCC_WARN_64_TO_32_BIT_CONVERSION = YES;
				GCC_WARN_ABOUT_RETURN_TYPE = YES_ERROR;
				GCC_WARN_UNDECLARED_SELECTOR = YES;
				GCC_WARN_UNINITIALIZED_AUTOS = YES_AGGRESSIVE;
				GCC_WARN_UNUSED_FUNCTION = YES;
				GCC_WARN_UNUSED_VARIABLE = YES;
				INFOPLIST_FILE = "Support Souces/Info.plist";
				IPHONEOS_DEPLOYMENT_TARGET = 11.4;
				MTL_ENABLE_DEBUG_INFO = NO;
				SDKROOT = iphoneos;
				SWIFT_COMPILATION_MODE = wholemodule;
				SWIFT_OPTIMIZATION_LEVEL = "-O";
				VALIDATE_PRODUCT = YES;
			};
			name = Release;
		};
		9034D6F220FE4B050012A6A5 /* Debug */ = {
			isa = XCBuildConfiguration;
			buildSettings = {
				ASSETCATALOG_COMPILER_APPICON_NAME = AppIcon;
				CLANG_ENABLE_MODULES = YES;
				CODE_SIGN_STYLE = Automatic;
				DEFINES_MODULE = YES;
				DEVELOPMENT_TEAM = N6YTT9B53E;
				INFOPLIST_FILE = "TouchStone/Support Sources/Info.plist";
				LD_RUNPATH_SEARCH_PATHS = (
					"$(inherited)",
					"@executable_path/Frameworks",
				);
				PRODUCT_BUNDLE_IDENTIFIER = cn.edu.tongji.sse.1753202.TouchStone;
				PRODUCT_NAME = "$(TARGET_NAME)";
				SWIFT_OBJC_BRIDGING_HEADER = "TouchStone/Support Sources/paintBoard/TouchStone-Bridging-Header.h";
				SWIFT_OPTIMIZATION_LEVEL = "-Onone";
				SWIFT_VERSION = 4.0;
				TARGETED_DEVICE_FAMILY = "1,2";
			};
			name = Debug;
		};
		9034D6F320FE4B050012A6A5 /* Release */ = {
			isa = XCBuildConfiguration;
			buildSettings = {
				ASSETCATALOG_COMPILER_APPICON_NAME = AppIcon;
				CLANG_ENABLE_MODULES = YES;
				CODE_SIGN_STYLE = Automatic;
				DEFINES_MODULE = YES;
				DEVELOPMENT_TEAM = N6YTT9B53E;
				INFOPLIST_FILE = "TouchStone/Support Sources/Info.plist";
				LD_RUNPATH_SEARCH_PATHS = (
					"$(inherited)",
					"@executable_path/Frameworks",
				);
				PRODUCT_BUNDLE_IDENTIFIER = cn.edu.tongji.sse.1753202.TouchStone;
				PRODUCT_NAME = "$(TARGET_NAME)";
				SWIFT_OBJC_BRIDGING_HEADER = "TouchStone/Support Sources/paintBoard/TouchStone-Bridging-Header.h";
				SWIFT_VERSION = 4.0;
				TARGETED_DEVICE_FAMILY = "1,2";
			};
			name = Release;
		};
		9034D6F520FE4B050012A6A5 /* Debug */ = {
			isa = XCBuildConfiguration;
			buildSettings = {
				ALWAYS_EMBED_SWIFT_STANDARD_LIBRARIES = YES;
				BUNDLE_LOADER = "$(TEST_HOST)";
				CODE_SIGN_STYLE = Automatic;
				DEVELOPMENT_TEAM = SYHLX35TA5;
				INFOPLIST_FILE = TouchStoneTests/Info.plist;
				LD_RUNPATH_SEARCH_PATHS = (
					"$(inherited)",
					"@executable_path/Frameworks",
					"@loader_path/Frameworks",
				);
				PRODUCT_BUNDLE_IDENTIFIER = "cn.edu.tongji.sse.wxz-1652977.TouchStoneTests";
				PRODUCT_NAME = "$(TARGET_NAME)";
				SWIFT_VERSION = 4.0;
				TARGETED_DEVICE_FAMILY = "1,2";
				TEST_HOST = "$(BUILT_PRODUCTS_DIR)/TouchStone.app/TouchStone";
			};
			name = Debug;
		};
		9034D6F620FE4B050012A6A5 /* Release */ = {
			isa = XCBuildConfiguration;
			buildSettings = {
				ALWAYS_EMBED_SWIFT_STANDARD_LIBRARIES = YES;
				BUNDLE_LOADER = "$(TEST_HOST)";
				CODE_SIGN_STYLE = Automatic;
				DEVELOPMENT_TEAM = SYHLX35TA5;
				INFOPLIST_FILE = TouchStoneTests/Info.plist;
				LD_RUNPATH_SEARCH_PATHS = (
					"$(inherited)",
					"@executable_path/Frameworks",
					"@loader_path/Frameworks",
				);
				PRODUCT_BUNDLE_IDENTIFIER = "cn.edu.tongji.sse.wxz-1652977.TouchStoneTests";
				PRODUCT_NAME = "$(TARGET_NAME)";
				SWIFT_VERSION = 4.0;
				TARGETED_DEVICE_FAMILY = "1,2";
				TEST_HOST = "$(BUILT_PRODUCTS_DIR)/TouchStone.app/TouchStone";
			};
			name = Release;
		};
		9034D6F820FE4B050012A6A5 /* Debug */ = {
			isa = XCBuildConfiguration;
			buildSettings = {
				ALWAYS_EMBED_SWIFT_STANDARD_LIBRARIES = YES;
				CODE_SIGN_STYLE = Automatic;
				DEVELOPMENT_TEAM = SYHLX35TA5;
				INFOPLIST_FILE = TouchStoneUITests/Info.plist;
				LD_RUNPATH_SEARCH_PATHS = (
					"$(inherited)",
					"@executable_path/Frameworks",
					"@loader_path/Frameworks",
				);
				PRODUCT_BUNDLE_IDENTIFIER = "cn.edu.tongji.sse.wxz-1652977.TouchStoneUITests";
				PRODUCT_NAME = "$(TARGET_NAME)";
				SWIFT_VERSION = 4.0;
				TARGETED_DEVICE_FAMILY = "1,2";
				TEST_TARGET_NAME = TouchStone;
			};
			name = Debug;
		};
		9034D6F920FE4B050012A6A5 /* Release */ = {
			isa = XCBuildConfiguration;
			buildSettings = {
				ALWAYS_EMBED_SWIFT_STANDARD_LIBRARIES = YES;
				CODE_SIGN_STYLE = Automatic;
				DEVELOPMENT_TEAM = SYHLX35TA5;
				INFOPLIST_FILE = TouchStoneUITests/Info.plist;
				LD_RUNPATH_SEARCH_PATHS = (
					"$(inherited)",
					"@executable_path/Frameworks",
					"@loader_path/Frameworks",
				);
				PRODUCT_BUNDLE_IDENTIFIER = "cn.edu.tongji.sse.wxz-1652977.TouchStoneUITests";
				PRODUCT_NAME = "$(TARGET_NAME)";
				SWIFT_VERSION = 4.0;
				TARGETED_DEVICE_FAMILY = "1,2";
				TEST_TARGET_NAME = TouchStone;
			};
			name = Release;
		};
/* End XCBuildConfiguration section */

/* Begin XCConfigurationList section */
		9034D6C420FE4B040012A6A5 /* Build configuration list for PBXProject "TouchStone" */ = {
			isa = XCConfigurationList;
			buildConfigurations = (
				9034D6EF20FE4B050012A6A5 /* Debug */,
				9034D6F020FE4B050012A6A5 /* Release */,
			);
			defaultConfigurationIsVisible = 0;
			defaultConfigurationName = Release;
		};
		9034D6F120FE4B050012A6A5 /* Build configuration list for PBXNativeTarget "TouchStone" */ = {
			isa = XCConfigurationList;
			buildConfigurations = (
				9034D6F220FE4B050012A6A5 /* Debug */,
				9034D6F320FE4B050012A6A5 /* Release */,
			);
			defaultConfigurationIsVisible = 0;
			defaultConfigurationName = Release;
		};
		9034D6F420FE4B050012A6A5 /* Build configuration list for PBXNativeTarget "TouchStoneTests" */ = {
			isa = XCConfigurationList;
			buildConfigurations = (
				9034D6F520FE4B050012A6A5 /* Debug */,
				9034D6F620FE4B050012A6A5 /* Release */,
			);
			defaultConfigurationIsVisible = 0;
			defaultConfigurationName = Release;
		};
		9034D6F720FE4B050012A6A5 /* Build configuration list for PBXNativeTarget "TouchStoneUITests" */ = {
			isa = XCConfigurationList;
			buildConfigurations = (
				9034D6F820FE4B050012A6A5 /* Debug */,
				9034D6F920FE4B050012A6A5 /* Release */,
			);
			defaultConfigurationIsVisible = 0;
			defaultConfigurationName = Release;
		};
/* End XCConfigurationList section */
	};
	rootObject = 9034D6C120FE4B040012A6A5 /* Project object */;
}
